<?xml version="1.0" encoding="UTF-8" standalone="yes" ?>
<CodeBlocks_project_file>
	<FileVersion major="1" minor="6" />
	<Project>
		<Option title="Sistema de Gestion" />
		<Option pch_mode="2" />
		<Option compiler="gcc" />
		<Build>
			<Target title="Debug">
				<Option output="bin/Debug/Sistema de Gestion" prefix_auto="1" extension_auto="1" />
				<Option object_output="obj/Debug/" />
				<Option type="1" />
				<Option compiler="gcc" />
				<Compiler>
					<Add option="-g" />
					<Add directory="./" />
				</Compiler>
			</Target>
			<Target title="Release">
				<Option output="bin/Release/Sistema de Gestion" prefix_auto="1" extension_auto="1" />
				<Option object_output="obj/Release/" />
				<Option type="1" />
				<Option compiler="gcc" />
				<Compiler>
					<Add option="-O2" />
					<Add directory="./" />
				</Compiler>
				<Linker>
					<Add option="-s" />
				</Linker>
			</Target>
		</Build>
		<Compiler>
			<Add option="-Wall" />
			<Add option="-fexceptions" />
		</Compiler>
		<Unit filename="AjustesMenu.cpp" />
		<Unit filename="AjustesMenu.h" />
		<Unit filename="CargarCadena.cpp" />
		<Unit filename="CargarCadena.h" />
		<Unit filename="Cliente.cpp" />
		<Unit filename="Cliente.h" />
		<Unit filename="ClienteArchivo.cpp" />
		<Unit filename="ClienteArchivo.h" />
		<Unit filename="ClienteManager.cpp" />
		<Unit filename="ClienteManager.h" />
		<Unit filename="ClienteMenu.cpp" />
		<Unit filename="ClienteMenu.h" />
		<Unit filename="Cuota.cpp" />
		<Unit filename="Cuota.h" />
		<Unit filename="Direccion.cpp" />
		<Unit filename="Direccion.h" />
		<Unit filename="Fecha.cpp" />
		<Unit filename="Fecha.h" />
		<Unit filename="ListarClienteMenu.h" />
		<Unit filename="ListarClientesMenu.cpp" />
		<Unit filename="ListarOperacionMenu.cpp" />
		<Unit filename="ListarOperacionMenu.h" />
		<Unit filename="ListarPrestamoMenu.cpp" />
		<Unit filename="ListarPrestamoMenu.h" />
		<Unit filename="Operacion.cpp" />
		<Unit filename="Operacion.h" />
		<Unit filename="OperacionArchivo.cpp" />
		<Unit filename="OperacionArchivo.h" />
		<Unit filename="OperacionManager.cpp" />
		<Unit filename="OperacionManager.h" />
		<Unit filename="OperacionMenu.cpp" />
		<Unit filename="OperacionMenu.h" />
		<Unit filename="Prestamo.cpp" />
		<Unit filename="Prestamo.h" />
		<Unit filename="PrestamoArchivo.cpp" />
		<Unit filename="PrestamoArchivo.h" />
		<Unit filename="PrestamoManager.cpp" />
		<Unit filename="PrestamoManager.h" />
		<Unit filename="PrestamoMenu.cpp" />
		<Unit filename="PrestamoMenu.h" />
		<Unit filename="Programa.cpp" />
		<Unit filename="Programa.h" />
		<Unit filename="main.cpp" />
		<Unit filename="rlutil.h" />
		<Extensions />
	</Project>
</CodeBlocks_project_file>
